// !$*UTF8*$!
{
	archiveVersion = 1;
	classes = {
	};
	objectVersion = 77;
	objects = {

/* Begin PBXBuildFile section */
		D02AC99C2DAE54ED004B3621 /* CountryPicker in Frameworks */ = {isa = PBXBuildFile; productRef = D02AC99B2DAE54ED004B3621 /* CountryPicker */; };
/* End PBXBuildFile section */

/* Begin PBXContainerItemProxy section */
		D02AC8902DA7EBEF004B3621 /* PBXContainerItemProxy */ = {
			isa = PBXContainerItemProxy;
			containerPortal = D02AC8772DA7EBE9004B3621 /* Project object */;
			proxyType = 1;
			remoteGlobalIDString = D02AC87E2DA7EBE9004B3621;
			remoteInfo = SwiftSNL;
		};
		D02AC89A2DA7EBEF004B3621 /* PBXContainerItemProxy */ = {
			isa = PBXContainerItemProxy;
			containerPortal = D02AC8772DA7EBE9004B3621 /* Project object */;
			proxyType = 1;
			remoteGlobalIDString = D02AC87E2DA7EBE9004B3621;
			remoteInfo = SwiftSNL;
		};
/* End PBXContainerItemProxy section */

/* Begin PBXFileReference section */
		D02AC87F2DA7EBE9004B3621 /* SwiftSNL.app */ = {isa = PBXFileReference; explicitFileType = wrapper.application; includeInIndex = 0; path = SwiftSNL.app; sourceTree = BUILT_PRODUCTS_DIR; };
		D02AC88F2DA7EBEF004B3621 /* SwiftSNLTests.xctest */ = {isa = PBXFileReference; explicitFileType = wrapper.cfbundle; includeInIndex = 0; path = SwiftSNLTests.xctest; sourceTree = BUILT_PRODUCTS_DIR; };
		D02AC8992DA7EBEF004B3621 /* SwiftSNLUITests.xctest */ = {isa = PBXFileReference; explicitFileType = wrapper.cfbundle; includeInIndex = 0; path = SwiftSNLUITests.xctest; sourceTree = BUILT_PRODUCTS_DIR; };
/* End PBXFileReference section */

/* Begin PBXFileSystemSynchronizedBuildFileExceptionSet section */
		D02AC8D42DA8EDFE004B3621 /* Exceptions for "SwiftSNL" folder in "SwiftSNL" target */ = {
			isa = PBXFileSystemSynchronizedBuildFileExceptionSet;
			membershipExceptions = (
				Info.plist,
			);
			target = D02AC87E2DA7EBE9004B3621 /* SwiftSNL */;
		};
/* End PBXFileSystemSynchronizedBuildFileExceptionSet section */

/* Begin PBXFileSystemSynchronizedRootGroup section */
		D02AC8812DA7EBE9004B3621 /* SwiftSNL */ = {
			isa = PBXFileSystemSynchronizedRootGroup;
			exceptions = (
				D02AC8D42DA8EDFE004B3621 /* Exceptions for "SwiftSNL" folder in "SwiftSNL" target */,
			);
			path = SwiftSNL;
			sourceTree = "<group>";
		};
		D02AC8922DA7EBEF004B3621 /* SwiftSNLTests */ = {
			isa = PBXFileSystemSynchronizedRootGroup;
			path = SwiftSNLTests;
			sourceTree = "<group>";
		};
		D02AC89C2DA7EBEF004B3621 /* SwiftSNLUITests */ = {
			isa = PBXFileSystemSynchronizedRootGroup;
			path = SwiftSNLUITests;
			sourceTree = "<group>";
		};
/* End PBXFileSystemSynchronizedRootGroup section */

/* Begin PBXFrameworksBuildPhase section */
		D02AC87C2DA7EBE9004B3621 /* Frameworks */ = {
			isa = PBXFrameworksBuildPhase;
			buildActionMask = 2147483647;
			files = (
				D02AC99C2DAE54ED004B3621 /* CountryPicker in Frameworks */,
			);
			runOnlyForDeploymentPostprocessing = 0;
		};
		D02AC88C2DA7EBEF004B3621 /* Frameworks */ = {
			isa = PBXFrameworksBuildPhase;
			buildActionMask = 2147483647;
			files = (
			);
			runOnlyForDeploymentPostprocessing = 0;
		};
		D02AC8962DA7EBEF004B3621 /* Frameworks */ = {
			isa = PBXFrameworksBuildPhase;
			buildActionMask = 2147483647;
			files = (
			);
			runOnlyForDeploymentPostprocessing = 0;
		};
/* End PBXFrameworksBuildPhase section */

/* Begin PBXGroup section */
		D02AC8762DA7EBE9004B3621 = {
			isa = PBXGroup;
			children = (
				D02AC8812DA7EBE9004B3621 /* SwiftSNL */,
				D02AC8922DA7EBEF004B3621 /* SwiftSNLTests */,
				D02AC89C2DA7EBEF004B3621 /* SwiftSNLUITests */,
				D02AC8802DA7EBE9004B3621 /* Products */,
			);
			sourceTree = "<group>";
		};
		D02AC8802DA7EBE9004B3621 /* Products */ = {
			isa = PBXGroup;
			children = (
				D02AC87F2DA7EBE9004B3621 /* SwiftSNL.app */,
				D02AC88F2DA7EBEF004B3621 /* SwiftSNLTests.xctest */,
				D02AC8992DA7EBEF004B3621 /* SwiftSNLUITests.xctest */,
			);
			name = Products;
			sourceTree = "<group>";
		};
/* End PBXGroup section */

/* Begin PBXNativeTarget section */
		D02AC87E2DA7EBE9004B3621 /* SwiftSNL */ = {
			isa = PBXNativeTarget;
			buildConfigurationList = D02AC8A32DA7EBEF004B3621 /* Build configuration list for PBXNativeTarget "SwiftSNL" */;
			buildPhases = (
				D02AC87B2DA7EBE9004B3621 /* Sources */,
				D02AC87C2DA7EBE9004B3621 /* Frameworks */,
				D02AC87D2DA7EBE9004B3621 /* Resources */,
			);
			buildRules = (
			);
			dependencies = (
			);
			fileSystemSynchronizedGroups = (
				D02AC8812DA7EBE9004B3621 /* SwiftSNL */,
			);
			name = SwiftSNL;
			packageProductDependencies = (
				D02AC99B2DAE54ED004B3621 /* CountryPicker */,
			);
			productName = SwiftSNL;
			productReference = D02AC87F2DA7EBE9004B3621 /* SwiftSNL.app */;
			productType = "com.apple.product-type.application";
		};
		D02AC88E2DA7EBEF004B3621 /* SwiftSNLTests */ = {
			isa = PBXNativeTarget;
			buildConfigurationList = D02AC8A62DA7EBEF004B3621 /* Build configuration list for PBXNativeTarget "SwiftSNLTests" */;
			buildPhases = (
				D02AC88B2DA7EBEF004B3621 /* Sources */,
				D02AC88C2DA7EBEF004B3621 /* Frameworks */,
				D02AC88D2DA7EBEF004B3621 /* Resources */,
			);
			buildRules = (
			);
			dependencies = (
				D02AC8912DA7EBEF004B3621 /* PBXTargetDependency */,
			);
			fileSystemSynchronizedGroups = (
				D02AC8922DA7EBEF004B3621 /* SwiftSNLTests */,
			);
			name = SwiftSNLTests;
			packageProductDependencies = (
			);
			productName = SwiftSNLTests;
			productReference = D02AC88F2DA7EBEF004B3621 /* SwiftSNLTests.xctest */;
			productType = "com.apple.product-type.bundle.unit-test";
		};
		D02AC8982DA7EBEF004B3621 /* SwiftSNLUITests */ = {
			isa = PBXNativeTarget;
			buildConfigurationList = D02AC8A92DA7EBEF004B3621 /* Build configuration list for PBXNativeTarget "SwiftSNLUITests" */;
			buildPhases = (
				D02AC8952DA7EBEF004B3621 /* Sources */,
				D02AC8962DA7EBEF004B3621 /* Frameworks */,
				D02AC8972DA7EBEF004B3621 /* Resources */,
			);
			buildRules = (
			);
			dependencies = (
				D02AC89B2DA7EBEF004B3621 /* PBXTargetDependency */,
			);
			fileSystemSynchronizedGroups = (
				D02AC89C2DA7EBEF004B3621 /* SwiftSNLUITests */,
			);
			name = SwiftSNLUITests;
			packageProductDependencies = (
			);
			productName = SwiftSNLUITests;
			productReference = D02AC8992DA7EBEF004B3621 /* SwiftSNLUITests.xctest */;
			productType = "com.apple.product-type.bundle.ui-testing";
		};
/* End PBXNativeTarget section */

/* Begin PBXProject section */
		D02AC8772DA7EBE9004B3621 /* Project object */ = {
			isa = PBXProject;
			attributes = {
				BuildIndependentTargetsInParallel = 1;
				LastSwiftUpdateCheck = 1620;
				LastUpgradeCheck = 1620;
				TargetAttributes = {
					D02AC87E2DA7EBE9004B3621 = {
						CreatedOnToolsVersion = 16.2;
					};
					D02AC88E2DA7EBEF004B3621 = {
						CreatedOnToolsVersion = 16.2;
						TestTargetID = D02AC87E2DA7EBE9004B3621;
					};
					D02AC8982DA7EBEF004B3621 = {
						CreatedOnToolsVersion = 16.2;
						TestTargetID = D02AC87E2DA7EBE9004B3621;
					};
				};
			};
			buildConfigurationList = D02AC87A2DA7EBE9004B3621 /* Build configuration list for PBXProject "SwiftSNL" */;
			developmentRegion = en;
			hasScannedForEncodings = 0;
			knownRegions = (
				en,
				Base,
			);
			mainGroup = D02AC8762DA7EBE9004B3621;
			minimizedProjectReferenceProxies = 1;
			packageReferences = (
				D02AC99A2DAE54ED004B3621 /* XCRemoteSwiftPackageReference "CountryPicker" */,
			);
			preferredProjectObjectVersion = 77;
			productRefGroup = D02AC8802DA7EBE9004B3621 /* Products */;
			projectDirPath = "";
			projectRoot = "";
			targets = (
				D02AC87E2DA7EBE9004B3621 /* SwiftSNL */,
				D02AC88E2DA7EBEF004B3621 /* SwiftSNLTests */,
				D02AC8982DA7EBEF004B3621 /* SwiftSNLUITests */,
			);
		};
/* End PBXProject section */

/* Begin PBXResourcesBuildPhase section */
		D02AC87D2DA7EBE9004B3621 /* Resources */ = {
			isa = PBXResourcesBuildPhase;
			buildActionMask = 2147483647;
			files = (
			);
			runOnlyForDeploymentPostprocessing = 0;
		};
		D02AC88D2DA7EBEF004B3621 /* Resources */ = {
			isa = PBXResourcesBuildPhase;
			buildActionMask = 2147483647;
			files = (
			);
			runOnlyForDeploymentPostprocessing = 0;
		};
		D02AC8972DA7EBEF004B3621 /* Resources */ = {
			isa = PBXResourcesBuildPhase;
			buildActionMask = 2147483647;
			files = (
			);
			runOnlyForDeploymentPostprocessing = 0;
		};
/* End PBXResourcesBuildPhase section */

/* Begin PBXSourcesBuildPhase section */
		D02AC87B2DA7EBE9004B3621 /* Sources */ = {
			isa = PBXSourcesBuildPhase;
			buildActionMask = 2147483647;
			files = (
			);
			runOnlyForDeploymentPostprocessing = 0;
		};
		D02AC88B2DA7EBEF004B3621 /* Sources */ = {
			isa = PBXSourcesBuildPhase;
			buildActionMask = 2147483647;
			files = (
			);
			runOnlyForDeploymentPostprocessing = 0;
		};
		D02AC8952DA7EBEF004B3621 /* Sources */ = {
			isa = PBXSourcesBuildPhase;
			buildActionMask = 2147483647;
			files = (
			);
			runOnlyForDeploymentPostprocessing = 0;
		};
/* End PBXSourcesBuildPhase section */

/* Begin PBXTargetDependency section */
		D02AC8912DA7EBEF004B3621 /* PBXTargetDependency */ = {
			isa = PBXTargetDependency;
			target = D02AC87E2DA7EBE9004B3621 /* SwiftSNL */;
			targetProxy = D02AC8902DA7EBEF004B3621 /* PBXContainerItemProxy */;
		};
		D02AC89B2DA7EBEF004B3621 /* PBXTargetDependency */ = {
			isa = PBXTargetDependency;
			target = D02AC87E2DA7EBE9004B3621 /* SwiftSNL */;
			targetProxy = D02AC89A2DA7EBEF004B3621 /* PBXContainerItemProxy */;
		};
/* End PBXTargetDependency section */

/* Begin XCBuildConfiguration section */
		D02AC8A12DA7EBEF004B3621 /* Debug */ = {
			isa = XCBuildConfiguration;
			buildSettings = {
				ALWAYS_SEARCH_USER_PATHS = NO;
				ASSETCATALOG_COMPILER_GENERATE_SWIFT_ASSET_SYMBOL_EXTENSIONS = YES;
				CLANG_ANALYZER_NONNULL = YES;
				CLANG_ANALYZER_NUMBER_OBJECT_CONVERSION = YES_AGGRESSIVE;
				CLANG_CXX_LANGUAGE_STANDARD = "gnu++20";
				CLANG_ENABLE_MODULES = YES;
				CLANG_ENABLE_OBJC_ARC = YES;
				CLANG_ENABLE_OBJC_WEAK = YES;
				CLANG_WARN_BLOCK_CAPTURE_AUTORELEASING = YES;
				CLANG_WARN_BOOL_CONVERSION = YES;
				CLANG_WARN_COMMA = YES;
				CLANG_WARN_CONSTANT_CONVERSION = YES;
				CLANG_WARN_DEPRECATED_OBJC_IMPLEMENTATIONS = YES;
				CLANG_WARN_DIRECT_OBJC_ISA_USAGE = YES_ERROR;
				CLANG_WARN_DOCUMENTATION_COMMENTS = YES;
				CLANG_WARN_EMPTY_BODY = YES;
				CLANG_WARN_ENUM_CONVERSION = YES;
				CLANG_WARN_INFINITE_RECURSION = YES;
				CLANG_WARN_INT_CONVERSION = YES;
				CLANG_WARN_NON_LITERAL_NULL_CONVERSION = YES;
				CLANG_WARN_OBJC_IMPLICIT_RETAIN_SELF = YES;
				CLANG_WARN_OBJC_LITERAL_CONVERSION = YES;
				CLANG_WARN_OBJC_ROOT_CLASS = YES_ERROR;
				CLANG_WARN_QUOTED_INCLUDE_IN_FRAMEWORK_HEADER = YES;
				CLANG_WARN_RANGE_LOOP_ANALYSIS = YES;
				CLANG_WARN_STRICT_PROTOTYPES = YES;
				CLANG_WARN_SUSPICIOUS_MOVE = YES;
				CLANG_WARN_UNGUARDED_AVAILABILITY = YES_AGGRESSIVE;
				CLANG_WARN_UNREACHABLE_CODE = YES;
				CLANG_WARN__DUPLICATE_METHOD_MATCH = YES;
				COPY_PHASE_STRIP = NO;
				DEBUG_INFORMATION_FORMAT = dwarf;
				ENABLE_STRICT_OBJC_MSGSEND = YES;
				ENABLE_TESTABILITY = YES;
				ENABLE_USER_SCRIPT_SANDBOXING = YES;
				GCC_C_LANGUAGE_STANDARD = gnu17;
				GCC_DYNAMIC_NO_PIC = NO;
				GCC_NO_COMMON_BLOCKS = YES;
				GCC_OPTIMIZATION_LEVEL = 0;
				GCC_PREPROCESSOR_DEFINITIONS = (
					"DEBUG=1",
					"$(inherited)",
				);
				GCC_WARN_64_TO_32_BIT_CONVERSION = YES;
				GCC_WARN_ABOUT_RETURN_TYPE = YES_ERROR;
				GCC_WARN_UNDECLARED_SELECTOR = YES;
				GCC_WARN_UNINITIALIZED_AUTOS = YES_AGGRESSIVE;
				GCC_WARN_UNUSED_FUNCTION = YES;
				GCC_WARN_UNUSED_VARIABLE = YES;
				IPHONEOS_DEPLOYMENT_TARGET = 18.2;
				LOCALIZATION_PREFERS_STRING_CATALOGS = YES;
				MTL_ENABLE_DEBUG_INFO = INCLUDE_SOURCE;
				MTL_FAST_MATH = YES;
				ONLY_ACTIVE_ARCH = YES;
				SDKROOT = iphoneos;
				SWIFT_ACTIVE_COMPILATION_CONDITIONS = "DEBUG $(inherited)";
				SWIFT_OPTIMIZATION_LEVEL = "-Onone";
			};
			name = Debug;
		};
		D02AC8A22DA7EBEF004B3621 /* Release */ = {
			isa = XCBuildConfiguration;
			buildSettings = {
				ALWAYS_SEARCH_USER_PATHS = NO;
				ASSETCATALOG_COMPILER_GENERATE_SWIFT_ASSET_SYMBOL_EXTENSIONS = YES;
				CLANG_ANALYZER_NONNULL = YES;
				CLANG_ANALYZER_NUMBER_OBJECT_CONVERSION = YES_AGGRESSIVE;
				CLANG_CXX_LANGUAGE_STANDARD = "gnu++20";
				CLANG_ENABLE_MODULES = YES;
				CLANG_ENABLE_OBJC_ARC = YES;
				CLANG_ENABLE_OBJC_WEAK = YES;
				CLANG_WARN_BLOCK_CAPTURE_AUTORELEASING = YES;
				CLANG_WARN_BOOL_CONVERSION = YES;
				CLANG_WARN_COMMA = YES;
				CLANG_WARN_CONSTANT_CONVERSION = YES;
				CLANG_WARN_DEPRECATED_OBJC_IMPLEMENTATIONS = YES;
				CLANG_WARN_DIRECT_OBJC_ISA_USAGE = YES_ERROR;
				CLANG_WARN_DOCUMENTATION_COMMENTS = YES;
				CLANG_WARN_EMPTY_BODY = YES;
				CLANG_WARN_ENUM_CONVERSION = YES;
				CLANG_WARN_INFINITE_RECURSION = YES;
				CLANG_WARN_INT_CONVERSION = YES;
				CLANG_WARN_NON_LITERAL_NULL_CONVERSION = YES;
				CLANG_WARN_OBJC_IMPLICIT_RETAIN_SELF = YES;
				CLANG_WARN_OBJC_LITERAL_CONVERSION = YES;
				CLANG_WARN_OBJC_ROOT_CLASS = YES_ERROR;
				CLANG_WARN_QUOTED_INCLUDE_IN_FRAMEWORK_HEADER = YES;
				CLANG_WARN_RANGE_LOOP_ANALYSIS = YES;
				CLANG_WARN_STRICT_PROTOTYPES = YES;
				CLANG_WARN_SUSPICIOUS_MOVE = YES;
				CLANG_WARN_UNGUARDED_AVAILABILITY = YES_AGGRESSIVE;
				CLANG_WARN_UNREACHABLE_CODE = YES;
				CLANG_WARN__DUPLICATE_METHOD_MATCH = YES;
				COPY_PHASE_STRIP = NO;
				DEBUG_INFORMATION_FORMAT = "dwarf-with-dsym";
				ENABLE_NS_ASSERTIONS = NO;
				ENABLE_STRICT_OBJC_MSGSEND = YES;
				ENABLE_USER_SCRIPT_SANDBOXING = YES;
				GCC_C_LANGUAGE_STANDARD = gnu17;
				GCC_NO_COMMON_BLOCKS = YES;
				GCC_WARN_64_TO_32_BIT_CONVERSION = YES;
				GCC_WARN_ABOUT_RETURN_TYPE = YES_ERROR;
				GCC_WARN_UNDECLARED_SELECTOR = YES;
				GCC_WARN_UNINITIALIZED_AUTOS = YES_AGGRESSIVE;
				GCC_WARN_UNUSED_FUNCTION = YES;
				GCC_WARN_UNUSED_VARIABLE = YES;
				IPHONEOS_DEPLOYMENT_TARGET = 18.2;
				LOCALIZATION_PREFERS_STRING_CATALOGS = YES;
				MTL_ENABLE_DEBUG_INFO = NO;
				MTL_FAST_MATH = YES;
				SDKROOT = iphoneos;
				SWIFT_COMPILATION_MODE = wholemodule;
				VALIDATE_PRODUCT = YES;
			};
			name = Release;
		};
		D02AC8A42DA7EBEF004B3621 /* Debug */ = {
			isa = XCBuildConfiguration;
			buildSettings = {
				ASSETCATALOG_COMPILER_APPICON_NAME = AppIcon;
				ASSETCATALOG_COMPILER_GLOBAL_ACCENT_COLOR_NAME = AccentColor;
				ASSETCATALOG_COMPILER_INCLUDE_ALL_APPICON_ASSETS = NO;
				CODE_SIGN_STYLE = Automatic;
				CURRENT_PROJECT_VERSION = 1;
				DEVELOPMENT_ASSET_PATHS = "\"SwiftSNL/Preview Content\"";
				DEVELOPMENT_TEAM = PGMNV9KU93;
				ENABLE_PREVIEWS = YES;
				GENERATE_INFOPLIST_FILE = YES;
				INFOPLIST_FILE = SwiftSNL/Info.plist;
				INFOPLIST_KEY_UIApplicationSceneManifest_Generation = YES;
				INFOPLIST_KEY_UIApplicationSupportsIndirectInputEvents = YES;
				INFOPLIST_KEY_UILaunchScreen_Generation = YES;
				INFOPLIST_KEY_UIStatusBarHidden = YES;
				INFOPLIST_KEY_UISupportedInterfaceOrientations = UIInterfaceOrientationPortrait;
				INFOPLIST_KEY_UISupportedInterfaceOrientations_iPad = "UIInterfaceOrientationLandscapeLeft UIInterfaceOrientationLandscapeRight UIInterfaceOrientationPortrait UIInterfaceOrientationPortraitUpsideDown";
				IPHONEOS_DEPLOYMENT_TARGET = 15.6;
				LD_RUNPATH_SEARCH_PATHS = (
					"$(inherited)",
					"@executable_path/Frameworks",
				);
				MARKETING_VERSION = 1.0;
				PRODUCT_BUNDLE_IDENTIFIER = com.ahl.SwiftSNL;
				PRODUCT_NAME = "$(TARGET_NAME)";
				SUPPORTED_PLATFORMS = "iphoneos iphonesimulator";
				SUPPORTS_MACCATALYST = NO;
				SUPPORTS_MAC_DESIGNED_FOR_IPHONE_IPAD = NO;
				SUPPORTS_XR_DESIGNED_FOR_IPHONE_IPAD = NO;
				SWIFT_EMIT_LOC_STRINGS = YES;
				SWIFT_VERSION = 5.0;
				TARGETED_DEVICE_FAMILY = 1;
			};
			name = Debug;
		};
		D02AC8A52DA7EBEF004B3621 /* Release */ = {
			isa = XCBuildConfiguration;
			buildSettings = {
				ASSETCATALOG_COMPILER_APPICON_NAME = AppIcon;
				ASSETCATALOG_COMPILER_GLOBAL_ACCENT_COLOR_NAME = AccentColor;
				ASSETCATALOG_COMPILER_INCLUDE_ALL_APPICON_ASSETS = NO;
				CODE_SIGN_STYLE = Automatic;
				CURRENT_PROJECT_VERSION = 1;
				DEVELOPMENT_ASSET_PATHS = "\"SwiftSNL/Preview Content\"";
				DEVELOPMENT_TEAM = PGMNV9KU93;
				ENABLE_PREVIEWS = YES;
				GENERATE_INFOPLIST_FILE = YES;
				INFOPLIST_FILE = SwiftSNL/Info.plist;
				INFOPLIST_KEY_UIApplicationSceneManifest_Generation = YES;
				INFOPLIST_KEY_UIApplicationSupportsIndirectInputEvents = YES;
				INFOPLIST_KEY_UILaunchScreen_Generation = YES;
				INFOPLIST_KEY_UIStatusBarHidden = YES;
				INFOPLIST_KEY_UISupportedInterfaceOrientations = UIInterfaceOrientationPortrait;
				INFOPLIST_KEY_UISupportedInterfaceOrientations_iPad = "UIInterfaceOrientationLandscapeLeft UIInterfaceOrientationLandscapeRight UIInterfaceOrientationPortrait UIInterfaceOrientationPortraitUpsideDown";
				IPHONEOS_DEPLOYMENT_TARGET = 15.6;
				LD_RUNPATH_SEARCH_PATHS = (
					"$(inherited)",
					"@executable_path/Frameworks",
				);
				MARKETING_VERSION = 1.0;
				PRODUCT_BUNDLE_IDENTIFIER = com.ahl.SwiftSNL;
				PRODUCT_NAME = "$(TARGET_NAME)";
				SUPPORTED_PLATFORMS = "iphoneos iphonesimulator";
				SUPPORTS_MACCATALYST = NO;
				SUPPORTS_MAC_DESIGNED_FOR_IPHONE_IPAD = NO;
				SUPPORTS_XR_DESIGNED_FOR_IPHONE_IPAD = NO;
				SWIFT_EMIT_LOC_STRINGS = YES;
				SWIFT_VERSION = 5.0;
				TARGETED_DEVICE_FAMILY = 1;
			};
			name = Release;
		};
		D02AC8A72DA7EBEF004B3621 /* Debug */ = {
			isa = XCBuildConfiguration;
			buildSettings = {
				BUNDLE_LOADER = "$(TEST_HOST)";
				CODE_SIGN_STYLE = Automatic;
				CURRENT_PROJECT_VERSION = 1;
				DEVELOPMENT_TEAM = PGMNV9KU93;
				GENERATE_INFOPLIST_FILE = YES;
				IPHONEOS_DEPLOYMENT_TARGET = 18.2;
				MARKETING_VERSION = 1.0;
				PRODUCT_BUNDLE_IDENTIFIER = com.ahl.SwiftSNLTests;
				PRODUCT_NAME = "$(TARGET_NAME)";
				SWIFT_EMIT_LOC_STRINGS = NO;
				SWIFT_VERSION = 5.0;
				TARGETED_DEVICE_FAMILY = "1,2";
				TEST_HOST = "$(BUILT_PRODUCTS_DIR)/SwiftSNL.app/$(BUNDLE_EXECUTABLE_FOLDER_PATH)/SwiftSNL";
			};
			name = Debug;
		};
		D02AC8A82DA7EBEF004B3621 /* Release */ = {
			isa = XCBuildConfiguration;
			buildSettings = {
				BUNDLE_LOADER = "$(TEST_HOST)";
				CODE_SIGN_STYLE = Automatic;
				CURRENT_PROJECT_VERSION = 1;
				DEVELOPMENT_TEAM = PGMNV9KU93;
				GENERATE_INFOPLIST_FILE = YES;
				IPHONEOS_DEPLOYMENT_TARGET = 18.2;
				MARKETING_VERSION = 1.0;
				PRODUCT_BUNDLE_IDENTIFIER = com.ahl.SwiftSNLTests;
				PRODUCT_NAME = "$(TARGET_NAME)";
				SWIFT_EMIT_LOC_STRINGS = NO;
				SWIFT_VERSION = 5.0;
				TARGETED_DEVICE_FAMILY = "1,2";
				TEST_HOST = "$(BUILT_PRODUCTS_DIR)/SwiftSNL.app/$(BUNDLE_EXECUTABLE_FOLDER_PATH)/SwiftSNL";
			};
			name = Release;
		};
		D02AC8AA2DA7EBEF004B3621 /* Debug */ = {
			isa = XCBuildConfiguration;
			buildSettings = {
				CODE_SIGN_STYLE = Automatic;
				CURRENT_PROJECT_VERSION = 1;
				DEVELOPMENT_TEAM = PGMNV9KU93;
				GENERATE_INFOPLIST_FILE = YES;
				MARKETING_VERSION = 1.0;
				PRODUCT_BUNDLE_IDENTIFIER = com.ahl.SwiftSNLUITests;
				PRODUCT_NAME = "$(TARGET_NAME)";
				SWIFT_EMIT_LOC_STRINGS = NO;
				SWIFT_VERSION = 5.0;
				TARGETED_DEVICE_FAMILY = "1,2";
				TEST_TARGET_NAME = SwiftSNL;
			};
			name = Debug;
		};
		D02AC8AB2DA7EBEF004B3621 /* Release */ = {
			isa = XCBuildConfiguration;
			buildSettings = {
				CODE_SIGN_STYLE = Automatic;
				CURRENT_PROJECT_VERSION = 1;
				DEVELOPMENT_TEAM = PGMNV9KU93;
				GENERATE_INFOPLIST_FILE = YES;
				MARKETING_VERSION = 1.0;
				PRODUCT_BUNDLE_IDENTIFIER = com.ahl.SwiftSNLUITests;
				PRODUCT_NAME = "$(TARGET_NAME)";
				SWIFT_EMIT_LOC_STRINGS = NO;
				SWIFT_VERSION = 5.0;
				TARGETED_DEVICE_FAMILY = "1,2";
				TEST_TARGET_NAME = SwiftSNL;
			};
			name = Release;
		};
/* End XCBuildConfiguration section */

/* Begin XCConfigurationList section */
		D02AC87A2DA7EBE9004B3621 /* Build configuration list for PBXProject "SwiftSNL" */ = {
			isa = XCConfigurationList;
			buildConfigurations = (
				D02AC8A12DA7EBEF004B3621 /* Debug */,
				D02AC8A22DA7EBEF004B3621 /* Release */,
			);
			defaultConfigurationIsVisible = 0;
			defaultConfigurationName = Release;
		};
		D02AC8A32DA7EBEF004B3621 /* Build configuration list for PBXNativeTarget "SwiftSNL" */ = {
			isa = XCConfigurationList;
			buildConfigurations = (
				D02AC8A42DA7EBEF004B3621 /* Debug */,
				D02AC8A52DA7EBEF004B3621 /* Release */,
			);
			defaultConfigurationIsVisible = 0;
			defaultConfigurationName = Release;
		};
		D02AC8A62DA7EBEF004B3621 /* Build configuration list for PBXNativeTarget "SwiftSNLTests" */ = {
			isa = XCConfigurationList;
			buildConfigurations = (
				D02AC8A72DA7EBEF004B3621 /* Debug */,
				D02AC8A82DA7EBEF004B3621 /* Release */,
			);
			defaultConfigurationIsVisible = 0;
			defaultConfigurationName = Release;
		};
		D02AC8A92DA7EBEF004B3621 /* Build configuration list for PBXNativeTarget "SwiftSNLUITests" */ = {
			isa = XCConfigurationList;
			buildConfigurations = (
				D02AC8AA2DA7EBEF004B3621 /* Debug */,
				D02AC8AB2DA7EBEF004B3621 /* Release */,
			);
			defaultConfigurationIsVisible = 0;
			defaultConfigurationName = Release;
		};
/* End XCConfigurationList section */

/* Begin XCRemoteSwiftPackageReference section */
		D02AC99A2DAE54ED004B3621 /* XCRemoteSwiftPackageReference "CountryPicker" */ = {
			isa = XCRemoteSwiftPackageReference;
			repositoryURL = "https://github.com/mobven/CountryPicker.git";
			requirement = {
				kind = upToNextMajorVersion;
				minimumVersion = 2.0.3;
			};
		};
/* End XCRemoteSwiftPackageReference section */

/* Begin XCSwiftPackageProductDependency section */
		D02AC99B2DAE54ED004B3621 /* CountryPicker */ = {
			isa = XCSwiftPackageProductDependency;
			package = D02AC99A2DAE54ED004B3621 /* XCRemoteSwiftPackageReference "CountryPicker" */;
			productName = CountryPicker;
		};
/* End XCSwiftPackageProductDependency section */
	};
	rootObject = D02AC8772DA7EBE9004B3621 /* Project object */;
}
